
Microsoft Visual Studio Solution File, Format Version 12.00
# Visual Studio Version 16
VisualStudioVersion = 16.0.29806.167
MinimumVisualStudioVersion = 10.0.40219.1
Project("{FAE04EC0-301F-11D3-BF4B-00C04F79EFBC}") = "ManagerAutoUpdater", "..\..\source\repos\ManagerAutoUpdater\ManagerAutoUpdater.csproj", "{1F31B6B9-9E9E-454A-88DE-0677837ED1C9}"
EndProject
Project("{9A19103F-16F7-4668-BE54-9A1E7A4F7556}") = "ManagerAutoUpdaterExe", "..\..\source\repos\ManagerAutoUpdaterExe\ManagerAutoUpdaterExe.csproj", "{2722A8F4-3373-442D-9D6E-5E76F6788C44}"
EndProject
Project("{FAE04EC0-301F-11D3-BF4B-00C04F79EFBC}") = "ExtendedManager", "ExtendedManager.csproj", "{B3294E28-2BD4-4E39-92FA-E04A620C7E7F}"
EndProject
Project("{FAE04EC0-301F-11D3-BF4B-00C04F79EFBC}") = "CustomClasses", "..\..\source\repos\CustomClasses\CustomClasses.csproj", "{9A57B726-4ECA-4F7B-AAAE-7145F6F0B4B3}"
EndProject
Project("{FAE04EC0-301F-11D3-BF4B-00C04F79EFBC}") = "PsuedoTimer", "..\..\source\repos\PsuedoTimer\PsuedoTimer.csproj", "{F86F05C6-5B2B-42D3-A4FB-B1548C8EF567}"
EndProject
Project("{FAE04EC0-301F-11D3-BF4B-00C04F79EFBC}") = "OriCMemory", "..\..\source\repos\OriCMemory\OriCMemory.csproj", "{E9C1E11E-9EDF-496C-A971-0870806DC468}"
EndProject
Project("{FAE04EC0-301F-11D3-BF4B-00C04F79EFBC}") = "WotwVisualEditor", "..\..\source\repos\WotwVisualEditor\WotwVisualEditor\WotwVisualEditor.csproj", "{E513AF00-BA87-4C52-A63C-F866340C5C2D}"
EndProject
Project("{FAE04EC0-301F-11D3-BF4B-00C04F79EFBC}") = "InjectCommunication", "..\..\source\repos\InjectCommunication\InjectCommunication\InjectCommunication.csproj", "{DE88E7D8-660D-446A-9B79-D5A0EB1228B5}"
EndProject
Project("{FAE04EC0-301F-11D3-BF4B-00C04F79EFBC}") = "WotwMemory", "..\..\source\repos\WotwMemory\WotwMemory\WotwMemory.csproj", "{316154AB-89E0-4B83-A549-F76375C28B2D}"
EndProject
Global
	GlobalSection(SolutionConfigurationPlatforms) = preSolution
		Console|Any CPU = Console|Any CPU
		Debug|Any CPU = Debug|Any CPU
		Manager|Any CPU = Manager|Any CPU
		Release|Any CPU = Release|Any CPU
	EndGlobalSection
	GlobalSection(ProjectConfigurationPlatforms) = postSolution
		{1F31B6B9-9E9E-454A-88DE-0677837ED1C9}.Console|Any CPU.ActiveCfg = Debug|Any CPU
		{1F31B6B9-9E9E-454A-88DE-0677837ED1C9}.Console|Any CPU.Build.0 = Debug|Any CPU
		{1F31B6B9-9E9E-454A-88DE-0677837ED1C9}.Debug|Any CPU.ActiveCfg = Debug|Any CPU
		{1F31B6B9-9E9E-454A-88DE-0677837ED1C9}.Debug|Any CPU.Build.0 = Debug|Any CPU
		{1F31B6B9-9E9E-454A-88DE-0677837ED1C9}.Manager|Any CPU.ActiveCfg = Debug|Any CPU
		{1F31B6B9-9E9E-454A-88DE-0677837ED1C9}.Manager|Any CPU.Build.0 = Debug|Any CPU
		{1F31B6B9-9E9E-454A-88DE-0677837ED1C9}.Release|Any CPU.ActiveCfg = Release|Any CPU
		{1F31B6B9-9E9E-454A-88DE-0677837ED1C9}.Release|Any CPU.Build.0 = Release|Any CPU
		{2722A8F4-3373-442D-9D6E-5E76F6788C44}.Console|Any CPU.ActiveCfg = Release|Any CPU
		{2722A8F4-3373-442D-9D6E-5E76F6788C44}.Console|Any CPU.Build.0 = Release|Any CPU
		{2722A8F4-3373-442D-9D6E-5E76F6788C44}.Debug|Any CPU.ActiveCfg = Debug|Any CPU
		{2722A8F4-3373-442D-9D6E-5E76F6788C44}.Debug|Any CPU.Build.0 = Debug|Any CPU
		{2722A8F4-3373-442D-9D6E-5E76F6788C44}.Manager|Any CPU.ActiveCfg = Release|Any CPU
		{2722A8F4-3373-442D-9D6E-5E76F6788C44}.Manager|Any CPU.Build.0 = Release|Any CPU
		{2722A8F4-3373-442D-9D6E-5E76F6788C44}.Release|Any CPU.ActiveCfg = Release|Any CPU
		{2722A8F4-3373-442D-9D6E-5E76F6788C44}.Release|Any CPU.Build.0 = Release|Any CPU
		{B3294E28-2BD4-4E39-92FA-E04A620C7E7F}.Console|Any CPU.ActiveCfg = Console|Any CPU
		{B3294E28-2BD4-4E39-92FA-E04A620C7E7F}.Console|Any CPU.Build.0 = Console|Any CPU
		{B3294E28-2BD4-4E39-92FA-E04A620C7E7F}.Debug|Any CPU.ActiveCfg = Debug|Any CPU
		{B3294E28-2BD4-4E39-92FA-E04A620C7E7F}.Debug|Any CPU.Build.0 = Debug|Any CPU
		{B3294E28-2BD4-4E39-92FA-E04A620C7E7F}.Manager|Any CPU.ActiveCfg = Manager|Any CPU
		{B3294E28-2BD4-4E39-92FA-E04A620C7E7F}.Manager|Any CPU.Build.0 = Manager|Any CPU
		{B3294E28-2BD4-4E39-92FA-E04A620C7E7F}.Release|Any CPU.ActiveCfg = Release|Any CPU
		{B3294E28-2BD4-4E39-92FA-E04A620C7E7F}.Release|Any CPU.Build.0 = Release|Any CPU
		{9A57B726-4ECA-4F7B-AAAE-7145F6F0B4B3}.Console|Any CPU.ActiveCfg = Debug|Any CPU
		{9A57B726-4ECA-4F7B-AAAE-7145F6F0B4B3}.Console|Any CPU.Build.0 = Debug|Any CPU
		{9A57B726-4ECA-4F7B-AAAE-7145F6F0B4B3}.Debug|Any CPU.ActiveCfg = Debug|Any CPU
		{9A57B726-4ECA-4F7B-AAAE-7145F6F0B4B3}.Debug|Any CPU.Build.0 = Debug|Any CPU
		{9A57B726-4ECA-4F7B-AAAE-7145F6F0B4B3}.Manager|Any CPU.ActiveCfg = Debug|Any CPU
		{9A57B726-4ECA-4F7B-AAAE-7145F6F0B4B3}.Manager|Any CPU.Build.0 = Debug|Any CPU
		{9A57B726-4ECA-4F7B-AAAE-7145F6F0B4B3}.Release|Any CPU.ActiveCfg = Release|Any CPU
		{9A57B726-4ECA-4F7B-AAAE-7145F6F0B4B3}.Release|Any CPU.Build.0 = Release|Any CPU
		{F86F05C6-5B2B-42D3-A4FB-B1548C8EF567}.Console|Any CPU.ActiveCfg = Debug|Any CPU
		{F86F05C6-5B2B-42D3-A4FB-B1548C8EF567}.Console|Any CPU.Build.0 = Debug|Any CPU
		{F86F05C6-5B2B-42D3-A4FB-B1548C8EF567}.Debug|Any CPU.ActiveCfg = Debug|Any CPU
		{F86F05C6-5B2B-42D3-A4FB-B1548C8EF567}.Debug|Any CPU.Build.0 = Debug|Any CPU
		{F86F05C6-5B2B-42D3-A4FB-B1548C8EF567}.Manager|Any CPU.ActiveCfg = Debug|Any CPU
		{F86F05C6-5B2B-42D3-A4FB-B1548C8EF567}.Manager|Any CPU.Build.0 = Debug|Any CPU
		{F86F05C6-5B2B-42D3-A4FB-B1548C8EF567}.Release|Any CPU.ActiveCfg = Release|Any CPU
		{F86F05C6-5B2B-42D3-A4FB-B1548C8EF567}.Release|Any CPU.Build.0 = Release|Any CPU
		{E9C1E11E-9EDF-496C-A971-0870806DC468}.Console|Any CPU.ActiveCfg = Debug|Any CPU
		{E9C1E11E-9EDF-496C-A971-0870806DC468}.Console|Any CPU.Build.0 = Debug|Any CPU
		{E9C1E11E-9EDF-496C-A971-0870806DC468}.Debug|Any CPU.ActiveCfg = Debug|Any CPU
		{E9C1E11E-9EDF-496C-A971-0870806DC468}.Debug|Any CPU.Build.0 = Debug|Any CPU
		{E9C1E11E-9EDF-496C-A971-0870806DC468}.Manager|Any CPU.ActiveCfg = Debug|Any CPU
		{E9C1E11E-9EDF-496C-A971-0870806DC468}.Manager|Any CPU.Build.0 = Debug|Any CPU
		{E9C1E11E-9EDF-496C-A971-0870806DC468}.Release|Any CPU.ActiveCfg = Release|Any CPU
		{E9C1E11E-9EDF-496C-A971-0870806DC468}.Release|Any CPU.Build.0 = Release|Any CPU
		{E513AF00-BA87-4C52-A63C-F866340C5C2D}.Console|Any CPU.ActiveCfg = Debug|Any CPU
		{E513AF00-BA87-4C52-A63C-F866340C5C2D}.Console|Any CPU.Build.0 = Debug|Any CPU
		{E513AF00-BA87-4C52-A63C-F866340C5C2D}.Debug|Any CPU.ActiveCfg = Debug|Any CPU
		{E513AF00-BA87-4C52-A63C-F866340C5C2D}.Debug|Any CPU.Build.0 = Debug|Any CPU
		{E513AF00-BA87-4C52-A63C-F866340C5C2D}.Manager|Any CPU.ActiveCfg = Debug|Any CPU
		{E513AF00-BA87-4C52-A63C-F866340C5C2D}.Manager|Any CPU.Build.0 = Debug|Any CPU
		{E513AF00-BA87-4C52-A63C-F866340C5C2D}.Release|Any CPU.ActiveCfg = Release|Any CPU
		{E513AF00-BA87-4C52-A63C-F866340C5C2D}.Release|Any CPU.Build.0 = Release|Any CPU
		{DE88E7D8-660D-446A-9B79-D5A0EB1228B5}.Console|Any CPU.ActiveCfg = Debug|Any CPU
		{DE88E7D8-660D-446A-9B79-D5A0EB1228B5}.Console|Any CPU.Build.0 = Debug|Any CPU
		{DE88E7D8-660D-446A-9B79-D5A0EB1228B5}.Debug|Any CPU.ActiveCfg = Debug|Any CPU
		{DE88E7D8-660D-446A-9B79-D5A0EB1228B5}.Debug|Any CPU.Build.0 = Debug|Any CPU
		{DE88E7D8-660D-446A-9B79-D5A0EB1228B5}.Manager|Any CPU.ActiveCfg = Debug|Any CPU
		{DE88E7D8-660D-446A-9B79-D5A0EB1228B5}.Manager|Any CPU.Build.0 = Debug|Any CPU
		{DE88E7D8-660D-446A-9B79-D5A0EB1228B5}.Release|Any CPU.ActiveCfg = Release|Any CPU
		{DE88E7D8-660D-446A-9B79-D5A0EB1228B5}.Release|Any CPU.Build.0 = Release|Any CPU
		{316154AB-89E0-4B83-A549-F76375C28B2D}.Console|Any CPU.ActiveCfg = Debug|Any CPU
		{316154AB-89E0-4B83-A549-F76375C28B2D}.Console|Any CPU.Build.0 = Debug|Any CPU
		{316154AB-89E0-4B83-A549-F76375C28B2D}.Debug|Any CPU.ActiveCfg = Debug|Any CPU
		{316154AB-89E0-4B83-A549-F76375C28B2D}.Debug|Any CPU.Build.0 = Debug|Any CPU
		{316154AB-89E0-4B83-A549-F76375C28B2D}.Manager|Any CPU.ActiveCfg = Debug|Any CPU
		{316154AB-89E0-4B83-A549-F76375C28B2D}.Manager|Any CPU.Build.0 = Debug|Any CPU
		{316154AB-89E0-4B83-A549-F76375C28B2D}.Release|Any CPU.ActiveCfg = Release|Any CPU
		{316154AB-89E0-4B83-A549-F76375C28B2D}.Release|Any CPU.Build.0 = Release|Any CPU
	EndGlobalSection
	GlobalSection(SolutionProperties) = preSolution
		HideSolutionNode = FALSE
	EndGlobalSection
	GlobalSection(ExtensibilityGlobals) = postSolution
		SolutionGuid = {D796BA78-E74E-4A66-AB61-7204D6D8BD3B}
	EndGlobalSection
EndGlobal
